
Microsoft Visual Studio Solution File, Format Version 12.00
# Visual Studio 15
VisualStudioVersion = 15.0.26124.0
MinimumVisualStudioVersion = 15.0.26124.0
Project("{2150E333-8FDC-42A3-9474-1A3956D46DE8}") = "src", "src", "{C5BDB3A9-0CDD-404F-A2DC-E24A0D151559}"
EndProject
Project("{F2A71F9B-5D33-465A-A702-920D77279786}") = "DiffSharp.Core", "src\DiffSharp.Core\DiffSharp.Core.fsproj", "{0910EA3D-6153-4BEE-80B5-B9C9868B5879}"
EndProject
Project("{F2A71F9B-5D33-465A-A702-920D77279786}") = "DiffSharp.Backend.None", "src\DiffSharp.Backend.None\DiffSharp.Backend.None.fsproj", "{6C11230A-E9D7-44FE-8852-13450827A344}"
EndProject
Project("{F2A71F9B-5D33-465A-A702-920D77279786}") = "DiffSharp", "src\DiffSharp\DiffSharp.fsproj", "{6649A8F8-BCDD-4E0A-844D-24E1BF98B51A}"
EndProject
Project("{F2A71F9B-5D33-465A-A702-920D77279786}") = "DiffSharp.Tests", "src\DiffSharp.Tests\DiffSharp.Tests.fsproj", "{42D94642-6B4F-4710-AAC3-F3671C20971D}"
EndProject
Project("{F2A71F9B-5D33-465A-A702-920D77279786}") = "Test", "src\Test\Test.fsproj", "{D5D79C57-70F9-424A-B090-507452B31745}"
EndProject
Global
	GlobalSection(SolutionConfigurationPlatforms) = preSolution
		Debug|Any CPU = Debug|Any CPU
		Debug|x64 = Debug|x64
		Debug|x86 = Debug|x86
		Release|Any CPU = Release|Any CPU
		Release|x64 = Release|x64
		Release|x86 = Release|x86
	EndGlobalSection
	GlobalSection(SolutionProperties) = preSolution
		HideSolutionNode = FALSE
	EndGlobalSection
	GlobalSection(ProjectConfigurationPlatforms) = postSolution
		{0910EA3D-6153-4BEE-80B5-B9C9868B5879}.Debug|Any CPU.ActiveCfg = Debug|Any CPU
		{0910EA3D-6153-4BEE-80B5-B9C9868B5879}.Debug|Any CPU.Build.0 = Debug|Any CPU
		{0910EA3D-6153-4BEE-80B5-B9C9868B5879}.Debug|x64.ActiveCfg = Debug|Any CPU
		{0910EA3D-6153-4BEE-80B5-B9C9868B5879}.Debug|x64.Build.0 = Debug|Any CPU
		{0910EA3D-6153-4BEE-80B5-B9C9868B5879}.Debug|x86.ActiveCfg = Debug|Any CPU
		{0910EA3D-6153-4BEE-80B5-B9C9868B5879}.Debug|x86.Build.0 = Debug|Any CPU
		{0910EA3D-6153-4BEE-80B5-B9C9868B5879}.Release|Any CPU.ActiveCfg = Release|Any CPU
		{0910EA3D-6153-4BEE-80B5-B9C9868B5879}.Release|Any CPU.Build.0 = Release|Any CPU
		{0910EA3D-6153-4BEE-80B5-B9C9868B5879}.Release|x64.ActiveCfg = Release|Any CPU
		{0910EA3D-6153-4BEE-80B5-B9C9868B5879}.Release|x64.Build.0 = Release|Any CPU
		{0910EA3D-6153-4BEE-80B5-B9C9868B5879}.Release|x86.ActiveCfg = Release|Any CPU
		{0910EA3D-6153-4BEE-80B5-B9C9868B5879}.Release|x86.Build.0 = Release|Any CPU
		{6C11230A-E9D7-44FE-8852-13450827A344}.Debug|Any CPU.ActiveCfg = Debug|Any CPU
		{6C11230A-E9D7-44FE-8852-13450827A344}.Debug|Any CPU.Build.0 = Debug|Any CPU
		{6C11230A-E9D7-44FE-8852-13450827A344}.Debug|x64.ActiveCfg = Debug|Any CPU
		{6C11230A-E9D7-44FE-8852-13450827A344}.Debug|x64.Build.0 = Debug|Any CPU
		{6C11230A-E9D7-44FE-8852-13450827A344}.Debug|x86.ActiveCfg = Debug|Any CPU
		{6C11230A-E9D7-44FE-8852-13450827A344}.Debug|x86.Build.0 = Debug|Any CPU
		{6C11230A-E9D7-44FE-8852-13450827A344}.Release|Any CPU.ActiveCfg = Release|Any CPU
		{6C11230A-E9D7-44FE-8852-13450827A344}.Release|Any CPU.Build.0 = Release|Any CPU
		{6C11230A-E9D7-44FE-8852-13450827A344}.Release|x64.ActiveCfg = Release|Any CPU
		{6C11230A-E9D7-44FE-8852-13450827A344}.Release|x64.Build.0 = Release|Any CPU
		{6C11230A-E9D7-44FE-8852-13450827A344}.Release|x86.ActiveCfg = Release|Any CPU
		{6C11230A-E9D7-44FE-8852-13450827A344}.Release|x86.Build.0 = Release|Any CPU
		{6649A8F8-BCDD-4E0A-844D-24E1BF98B51A}.Debug|Any CPU.ActiveCfg = Debug|Any CPU
		{6649A8F8-BCDD-4E0A-844D-24E1BF98B51A}.Debug|Any CPU.Build.0 = Debug|Any CPU
		{6649A8F8-BCDD-4E0A-844D-24E1BF98B51A}.Debug|x64.ActiveCfg = Debug|Any CPU
		{6649A8F8-BCDD-4E0A-844D-24E1BF98B51A}.Debug|x64.Build.0 = Debug|Any CPU
		{6649A8F8-BCDD-4E0A-844D-24E1BF98B51A}.Debug|x86.ActiveCfg = Debug|Any CPU
		{6649A8F8-BCDD-4E0A-844D-24E1BF98B51A}.Debug|x86.Build.0 = Debug|Any CPU
		{6649A8F8-BCDD-4E0A-844D-24E1BF98B51A}.Release|Any CPU.ActiveCfg = Release|Any CPU
		{6649A8F8-BCDD-4E0A-844D-24E1BF98B51A}.Release|Any CPU.Build.0 = Release|Any CPU
		{6649A8F8-BCDD-4E0A-844D-24E1BF98B51A}.Release|x64.ActiveCfg = Release|Any CPU
		{6649A8F8-BCDD-4E0A-844D-24E1BF98B51A}.Release|x64.Build.0 = Release|Any CPU
		{6649A8F8-BCDD-4E0A-844D-24E1BF98B51A}.Release|x86.ActiveCfg = Release|Any CPU
		{6649A8F8-BCDD-4E0A-844D-24E1BF98B51A}.Release|x86.Build.0 = Release|Any CPU
		{42D94642-6B4F-4710-AAC3-F3671C20971D}.Debug|Any CPU.ActiveCfg = Debug|Any CPU
		{42D94642-6B4F-4710-AAC3-F3671C20971D}.Debug|Any CPU.Build.0 = Debug|Any CPU
		{42D94642-6B4F-4710-AAC3-F3671C20971D}.Debug|x64.ActiveCfg = Debug|Any CPU
		{42D94642-6B4F-4710-AAC3-F3671C20971D}.Debug|x64.Build.0 = Debug|Any CPU
		{42D94642-6B4F-4710-AAC3-F3671C20971D}.Debug|x86.ActiveCfg = Debug|Any CPU
		{42D94642-6B4F-4710-AAC3-F3671C20971D}.Debug|x86.Build.0 = Debug|Any CPU
		{42D94642-6B4F-4710-AAC3-F3671C20971D}.Release|Any CPU.ActiveCfg = Release|Any CPU
		{42D94642-6B4F-4710-AAC3-F3671C20971D}.Release|Any CPU.Build.0 = Release|Any CPU
		{42D94642-6B4F-4710-AAC3-F3671C20971D}.Release|x64.ActiveCfg = Release|Any CPU
		{42D94642-6B4F-4710-AAC3-F3671C20971D}.Release|x64.Build.0 = Release|Any CPU
		{42D94642-6B4F-4710-AAC3-F3671C20971D}.Release|x86.ActiveCfg = Release|Any CPU
		{42D94642-6B4F-4710-AAC3-F3671C20971D}.Release|x86.Build.0 = Release|Any CPU
		{D5D79C57-70F9-424A-B090-507452B31745}.Debug|Any CPU.ActiveCfg = Debug|Any CPU
		{D5D79C57-70F9-424A-B090-507452B31745}.Debug|Any CPU.Build.0 = Debug|Any CPU
		{D5D79C57-70F9-424A-B090-507452B31745}.Debug|x64.ActiveCfg = Debug|Any CPU
		{D5D79C57-70F9-424A-B090-507452B31745}.Debug|x64.Build.0 = Debug|Any CPU
		{D5D79C57-70F9-424A-B090-507452B31745}.Debug|x86.ActiveCfg = Debug|Any CPU
		{D5D79C57-70F9-424A-B090-507452B31745}.Debug|x86.Build.0 = Debug|Any CPU
		{D5D79C57-70F9-424A-B090-507452B31745}.Release|Any CPU.ActiveCfg = Release|Any CPU
		{D5D79C57-70F9-424A-B090-507452B31745}.Release|Any CPU.Build.0 = Release|Any CPU
		{D5D79C57-70F9-424A-B090-507452B31745}.Release|x64.ActiveCfg = Release|Any CPU
		{D5D79C57-70F9-424A-B090-507452B31745}.Release|x64.Build.0 = Release|Any CPU
		{D5D79C57-70F9-424A-B090-507452B31745}.Release|x86.ActiveCfg = Release|Any CPU
		{D5D79C57-70F9-424A-B090-507452B31745}.Release|x86.Build.0 = Release|Any CPU
	EndGlobalSection
	GlobalSection(NestedProjects) = preSolution
		{0910EA3D-6153-4BEE-80B5-B9C9868B5879} = {C5BDB3A9-0CDD-404F-A2DC-E24A0D151559}
		{6C11230A-E9D7-44FE-8852-13450827A344} = {C5BDB3A9-0CDD-404F-A2DC-E24A0D151559}
		{6649A8F8-BCDD-4E0A-844D-24E1BF98B51A} = {C5BDB3A9-0CDD-404F-A2DC-E24A0D151559}
		{42D94642-6B4F-4710-AAC3-F3671C20971D} = {C5BDB3A9-0CDD-404F-A2DC-E24A0D151559}
		{D5D79C57-70F9-424A-B090-507452B31745} = {C5BDB3A9-0CDD-404F-A2DC-E24A0D151559}
	EndGlobalSection
EndGlobal
