
Microsoft Visual Studio Solution File, Format Version 12.00
# Visual Studio 14
VisualStudioVersion = 14.0.23107.0
MinimumVisualStudioVersion = 10.0.40219.1
Project("{F2A71F9B-5D33-465A-A702-920D77279786}") = "DiffSharp", "src\DiffSharp\DiffSharp.fsproj", "{CD409EFB-0AE4-41E5-9987-C99C5F061588}"
EndProject
Project("{2150E333-8FDC-42A3-9474-1A3956D46DE8}") = "docs", "docs", "{BB94C44B-2010-4E20-9FBF-21A543466EEB}"
	ProjectSection(SolutionItems) = preProject
		docs\input\api-overview.fsx = docs\input\api-overview.fsx
		docs\input\benchmarks.fsx = docs\input\benchmarks.fsx
		docs\BuildDocs.fsx = docs\BuildDocs.fsx
		docs\input\csharp.fsx = docs\input\csharp.fsx
		docs\input\examples-gradientdescent.fsx = docs\input\examples-gradientdescent.fsx
		docs\input\examples-hamiltonianmontecarlo.fsx = docs\input\examples-hamiltonianmontecarlo.fsx
		docs\input\examples-helmholtzenergyfunction.fsx = docs\input\examples-helmholtzenergyfunction.fsx
		docs\input\examples-inversekinematics.fsx = docs\input\examples-inversekinematics.fsx
		docs\input\examples-kinematics.fsx = docs\input\examples-kinematics.fsx
		docs\input\examples-kmeansclustering.fsx = docs\input\examples-kmeansclustering.fsx
		docs\input\examples-lhopitalsrule.fsx = docs\input\examples-lhopitalsrule.fsx
		docs\input\examples-neuralnetworks.fsx = docs\input\examples-neuralnetworks.fsx
		docs\input\examples-newtonsmethod.fsx = docs\input\examples-newtonsmethod.fsx
		docs\input\examples-stochasticgradientdescent.fsx = docs\input\examples-stochasticgradientdescent.fsx
		docs\input\gettingstarted-nestedad.fsx = docs\input\gettingstarted-nestedad.fsx
		docs\input\gettingstarted-nonnestedad.fsx = docs\input\gettingstarted-nonnestedad.fsx
		docs\input\gettingstarted-numericaldifferentiation.fsx = docs\input\gettingstarted-numericaldifferentiation.fsx
		docs\input\gettingstarted-symbolicdifferentiation.fsx = docs\input\gettingstarted-symbolicdifferentiation.fsx
		docs\input\gettingstarted-typeinference.fsx = docs\input\gettingstarted-typeinference.fsx
		docs\input\index.fsx = docs\input\index.fsx
	EndProjectSection
EndProject
Project("{F2A71F9B-5D33-465A-A702-920D77279786}") = "DiffSharp.Tests", "tests\DiffSharp.Tests\DiffSharp.Tests.fsproj", "{D4B2D758-F33E-43EB-B081-6A5AE0882488}"
EndProject
Global
	GlobalSection(SolutionConfigurationPlatforms) = preSolution
		Debug|Any CPU = Debug|Any CPU
		Release|Any CPU = Release|Any CPU
	EndGlobalSection
	GlobalSection(ProjectConfigurationPlatforms) = postSolution
		{CD409EFB-0AE4-41E5-9987-C99C5F061588}.Debug|Any CPU.ActiveCfg = Debug|Any CPU
		{CD409EFB-0AE4-41E5-9987-C99C5F061588}.Debug|Any CPU.Build.0 = Debug|Any CPU
		{CD409EFB-0AE4-41E5-9987-C99C5F061588}.Release|Any CPU.ActiveCfg = Release|Any CPU
		{CD409EFB-0AE4-41E5-9987-C99C5F061588}.Release|Any CPU.Build.0 = Release|Any CPU
		{D4B2D758-F33E-43EB-B081-6A5AE0882488}.Debug|Any CPU.ActiveCfg = Debug|Any CPU
		{D4B2D758-F33E-43EB-B081-6A5AE0882488}.Debug|Any CPU.Build.0 = Debug|Any CPU
		{D4B2D758-F33E-43EB-B081-6A5AE0882488}.Release|Any CPU.ActiveCfg = Release|Any CPU
		{D4B2D758-F33E-43EB-B081-6A5AE0882488}.Release|Any CPU.Build.0 = Release|Any CPU
	EndGlobalSection
	GlobalSection(SolutionProperties) = preSolution
		HideSolutionNode = FALSE
	EndGlobalSection
EndGlobal
