
Microsoft Visual Studio Solution File, Format Version 12.00
# Visual Studio Version 16
VisualStudioVersion = 16.0.29311.281
MinimumVisualStudioVersion = 15.0.26124.0
Project("{2150E333-8FDC-42A3-9474-1A3956D46DE8}") = "src", "src", "{360743B3-D859-4ACD-BDF8-7542760D2618}"
EndProject
Project("{F2A71F9B-5D33-465A-A702-920D77279786}") = "DiffSharp.Core", "src\DiffSharp.Core\DiffSharp.Core.fsproj", "{972FD74A-7FBA-4BF3-8675-A4CD10D5E5CB}"
EndProject
Project("{F2A71F9B-5D33-465A-A702-920D77279786}") = "DiffSharp.Tests", "src\DiffSharp.Tests\DiffSharp.Tests.fsproj", "{FDAFD453-7B82-40F9-8874-524498C447ED}"
EndProject
Project("{F2A71F9B-5D33-465A-A702-920D77279786}") = "Tests", "src\Tests\Tests.fsproj", "{7D771824-F0AE-4315-ACAD-2173BCF2F55D}"
EndProject
Project("{F2A71F9B-5D33-465A-A702-920D77279786}") = "DiffSharp.Backend.Reference", "src\DiffSharp.Backend.Reference\DiffSharp.Backend.Reference.fsproj", "{2E00CB58-9924-481F-B0C9-8F8CF17ABFF2}"
EndProject
Global
	GlobalSection(SolutionConfigurationPlatforms) = preSolution
		Debug|Any CPU = Debug|Any CPU
		Debug|x64 = Debug|x64
		Debug|x86 = Debug|x86
		Release|Any CPU = Release|Any CPU
		Release|x64 = Release|x64
		Release|x86 = Release|x86
	EndGlobalSection
	GlobalSection(SolutionProperties) = preSolution
		HideSolutionNode = FALSE
	EndGlobalSection
	GlobalSection(ProjectConfigurationPlatforms) = postSolution
		{972FD74A-7FBA-4BF3-8675-A4CD10D5E5CB}.Debug|Any CPU.ActiveCfg = Debug|Any CPU
		{972FD74A-7FBA-4BF3-8675-A4CD10D5E5CB}.Debug|Any CPU.Build.0 = Debug|Any CPU
		{972FD74A-7FBA-4BF3-8675-A4CD10D5E5CB}.Debug|x64.ActiveCfg = Debug|Any CPU
		{972FD74A-7FBA-4BF3-8675-A4CD10D5E5CB}.Debug|x64.Build.0 = Debug|Any CPU
		{972FD74A-7FBA-4BF3-8675-A4CD10D5E5CB}.Debug|x86.ActiveCfg = Debug|Any CPU
		{972FD74A-7FBA-4BF3-8675-A4CD10D5E5CB}.Debug|x86.Build.0 = Debug|Any CPU
		{972FD74A-7FBA-4BF3-8675-A4CD10D5E5CB}.Release|Any CPU.ActiveCfg = Release|Any CPU
		{972FD74A-7FBA-4BF3-8675-A4CD10D5E5CB}.Release|Any CPU.Build.0 = Release|Any CPU
		{972FD74A-7FBA-4BF3-8675-A4CD10D5E5CB}.Release|x64.ActiveCfg = Release|Any CPU
		{972FD74A-7FBA-4BF3-8675-A4CD10D5E5CB}.Release|x64.Build.0 = Release|Any CPU
		{972FD74A-7FBA-4BF3-8675-A4CD10D5E5CB}.Release|x86.ActiveCfg = Release|Any CPU
		{972FD74A-7FBA-4BF3-8675-A4CD10D5E5CB}.Release|x86.Build.0 = Release|Any CPU
		{FDAFD453-7B82-40F9-8874-524498C447ED}.Debug|Any CPU.ActiveCfg = Debug|Any CPU
		{FDAFD453-7B82-40F9-8874-524498C447ED}.Debug|Any CPU.Build.0 = Debug|Any CPU
		{FDAFD453-7B82-40F9-8874-524498C447ED}.Debug|x64.ActiveCfg = Debug|Any CPU
		{FDAFD453-7B82-40F9-8874-524498C447ED}.Debug|x64.Build.0 = Debug|Any CPU
		{FDAFD453-7B82-40F9-8874-524498C447ED}.Debug|x86.ActiveCfg = Debug|Any CPU
		{FDAFD453-7B82-40F9-8874-524498C447ED}.Debug|x86.Build.0 = Debug|Any CPU
		{FDAFD453-7B82-40F9-8874-524498C447ED}.Release|Any CPU.ActiveCfg = Release|Any CPU
		{FDAFD453-7B82-40F9-8874-524498C447ED}.Release|Any CPU.Build.0 = Release|Any CPU
		{FDAFD453-7B82-40F9-8874-524498C447ED}.Release|x64.ActiveCfg = Release|Any CPU
		{FDAFD453-7B82-40F9-8874-524498C447ED}.Release|x64.Build.0 = Release|Any CPU
		{FDAFD453-7B82-40F9-8874-524498C447ED}.Release|x86.ActiveCfg = Release|Any CPU
		{FDAFD453-7B82-40F9-8874-524498C447ED}.Release|x86.Build.0 = Release|Any CPU
		{7D771824-F0AE-4315-ACAD-2173BCF2F55D}.Debug|Any CPU.ActiveCfg = Debug|Any CPU
		{7D771824-F0AE-4315-ACAD-2173BCF2F55D}.Debug|Any CPU.Build.0 = Debug|Any CPU
		{7D771824-F0AE-4315-ACAD-2173BCF2F55D}.Debug|x64.ActiveCfg = Debug|Any CPU
		{7D771824-F0AE-4315-ACAD-2173BCF2F55D}.Debug|x64.Build.0 = Debug|Any CPU
		{7D771824-F0AE-4315-ACAD-2173BCF2F55D}.Debug|x86.ActiveCfg = Debug|Any CPU
		{7D771824-F0AE-4315-ACAD-2173BCF2F55D}.Debug|x86.Build.0 = Debug|Any CPU
		{7D771824-F0AE-4315-ACAD-2173BCF2F55D}.Release|Any CPU.ActiveCfg = Release|Any CPU
		{7D771824-F0AE-4315-ACAD-2173BCF2F55D}.Release|Any CPU.Build.0 = Release|Any CPU
		{7D771824-F0AE-4315-ACAD-2173BCF2F55D}.Release|x64.ActiveCfg = Release|Any CPU
		{7D771824-F0AE-4315-ACAD-2173BCF2F55D}.Release|x64.Build.0 = Release|Any CPU
		{7D771824-F0AE-4315-ACAD-2173BCF2F55D}.Release|x86.ActiveCfg = Release|Any CPU
		{7D771824-F0AE-4315-ACAD-2173BCF2F55D}.Release|x86.Build.0 = Release|Any CPU
		{2E00CB58-9924-481F-B0C9-8F8CF17ABFF2}.Debug|Any CPU.ActiveCfg = Debug|Any CPU
		{2E00CB58-9924-481F-B0C9-8F8CF17ABFF2}.Debug|Any CPU.Build.0 = Debug|Any CPU
		{2E00CB58-9924-481F-B0C9-8F8CF17ABFF2}.Debug|x64.ActiveCfg = Debug|Any CPU
		{2E00CB58-9924-481F-B0C9-8F8CF17ABFF2}.Debug|x64.Build.0 = Debug|Any CPU
		{2E00CB58-9924-481F-B0C9-8F8CF17ABFF2}.Debug|x86.ActiveCfg = Debug|Any CPU
		{2E00CB58-9924-481F-B0C9-8F8CF17ABFF2}.Debug|x86.Build.0 = Debug|Any CPU
		{2E00CB58-9924-481F-B0C9-8F8CF17ABFF2}.Release|Any CPU.ActiveCfg = Release|Any CPU
		{2E00CB58-9924-481F-B0C9-8F8CF17ABFF2}.Release|Any CPU.Build.0 = Release|Any CPU
		{2E00CB58-9924-481F-B0C9-8F8CF17ABFF2}.Release|x64.ActiveCfg = Release|Any CPU
		{2E00CB58-9924-481F-B0C9-8F8CF17ABFF2}.Release|x64.Build.0 = Release|Any CPU
		{2E00CB58-9924-481F-B0C9-8F8CF17ABFF2}.Release|x86.ActiveCfg = Release|Any CPU
		{2E00CB58-9924-481F-B0C9-8F8CF17ABFF2}.Release|x86.Build.0 = Release|Any CPU
	EndGlobalSection
	GlobalSection(NestedProjects) = preSolution
		{972FD74A-7FBA-4BF3-8675-A4CD10D5E5CB} = {360743B3-D859-4ACD-BDF8-7542760D2618}
		{FDAFD453-7B82-40F9-8874-524498C447ED} = {360743B3-D859-4ACD-BDF8-7542760D2618}
		{7D771824-F0AE-4315-ACAD-2173BCF2F55D} = {360743B3-D859-4ACD-BDF8-7542760D2618}
		{2E00CB58-9924-481F-B0C9-8F8CF17ABFF2} = {360743B3-D859-4ACD-BDF8-7542760D2618}
	EndGlobalSection
EndGlobal
