
Microsoft Visual Studio Solution File, Format Version 12.00
# Visual Studio Version 16
VisualStudioVersion = 16.0.30128.74
MinimumVisualStudioVersion = 10.0.40219.1
Project("{6EC3EE1D-3C4E-46DD-8F32-0CC8E7565705}") = "MemoryTest", "MemoryTest.fsproj", "{9386535A-1A54-40FA-81DF-7EEBCED679CB}"
EndProject
Global
	GlobalSection(SolutionConfigurationPlatforms) = preSolution
		Debug|Any CPU = Debug|Any CPU
		Release|Any CPU = Release|Any CPU
	EndGlobalSection
	GlobalSection(ProjectConfigurationPlatforms) = postSolution
		{9386535A-1A54-40FA-81DF-7EEBCED679CB}.Debug|Any CPU.ActiveCfg = Debug|Any CPU
		{9386535A-1A54-40FA-81DF-7EEBCED679CB}.Debug|Any CPU.Build.0 = Debug|Any CPU
		{9386535A-1A54-40FA-81DF-7EEBCED679CB}.Release|Any CPU.ActiveCfg = Release|Any CPU
		{9386535A-1A54-40FA-81DF-7EEBCED679CB}.Release|Any CPU.Build.0 = Release|Any CPU
	EndGlobalSection
	GlobalSection(SolutionProperties) = preSolution
		HideSolutionNode = FALSE
	EndGlobalSection
	GlobalSection(ExtensibilityGlobals) = postSolution
		SolutionGuid = {AC27EB2B-C103-4F91-8658-3A46D853D5A4}
	EndGlobalSection
EndGlobal
